<?xml version="1.0" encoding="utf-8"?>
<Project ToolsVersion="4.0" xmlns="http://schemas.microsoft.com/developer/msbuild/2003">
  <ItemGroup>
    <Filter Include="Source Files">
      <UniqueIdentifier>{4FC737F1-C7A5-4376-A066-2A32D752A2FF}</UniqueIdentifier>
      <Extensions>cpp;c;cc;cxx;def;odl;idl;hpj;bat;asm;asmx</Extensions>
    </Filter>
    <Filter Include="Header Files">
      <UniqueIdentifier>{93995380-89BD-4b04-88EB-625FBE52EBFB}</UniqueIdentifier>
      <Extensions>h;hh;hpp;hxx;hm;inl;inc;xsd</Extensions>
    </Filter>
    <Filter Include="Resource Files">
      <UniqueIdentifier>{67DA6AB6-F800-4c08-8B7A-83BB121AAD01}</UniqueIdentifier>
      <Extensions>rc;ico;cur;bmp;dlg;rc2;rct;bin;rgs;gif;jpg;jpeg;jpe;resx;tiff;tif;png;wav;mfcribbon-ms</Extensions>
    </Filter>
    <Filter Include="Misc">
      <UniqueIdentifier>{2c8c81a1-c9df-4f5a-9631-3de03964217c}</UniqueIdentifier>
    </Filter>
    <Filter Include="Header Files\MMExt2">
      <UniqueIdentifier>{8b8e4d49-396a-43b6-bea8-4729cb1c27ae}</UniqueIdentifier>
    </Filter>
  </ItemGroup>
  <ItemGroup>
    <ClCompile Include="MMExt2_Core.cpp">
      <Filter>Source Files</Filter>
    </ClCompile>
  </ItemGroup>
  <ItemGroup>
    <ClInclude Include="MMExt2_Core.hpp">
      <Filter>Header Files</Filter>
    </ClInclude>
    <ClInclude Include="MMExt2_Advanced.hpp">
      <Filter>Header Files</Filter>
    </ClInclude>
    <ClInclude Include="MMExt2_Basic.hpp">
      <Filter>Header Files</Filter>
    </ClInclude>
    <ClInclude Include="MMExt2\__MMExt2_Internal.hpp">
      <Filter>Header Files\MMExt2</Filter>
    </ClInclude>
    <ClInclude Include="MMExt2\__MMExt2_MMStruct.hpp">
      <Filter>Header Files\MMExt2</Filter>
    </ClInclude>
  </ItemGroup>
  <ItemGroup>
    <None Include="CopyHPPtoOrbiter.bat">
      <Filter>Misc</Filter>
    </None>
    <None Include="Module Messaging Extended Library.pdf">
      <Filter>Misc</Filter>
    </None>
    <None Include="Module Messaging Extended Library.docx">
      <Filter>Misc</Filter>
    </None>
  </ItemGroup>
  <ItemGroup>
    <Text Include="lgpl.txt">
      <Filter>Misc</Filter>
    </Text>
  </ItemGroup>
</Project>